
Microsoft Visual Studio Solution File, Format Version 12.00
# Visual Studio Version 16
VisualStudioVersion = 16.0.31624.102
MinimumVisualStudioVersion = 10.0.40219.1
Project("{9A19103F-16F7-4668-BE54-9A1E7A4F7556}") = "Ejercicio00", "Ejercicio01\Ejercicio00.csproj", "{ECCBFC47-A838-4CE9-8B85-5175D6E8B796}"
EndProject
Project("{9A19103F-16F7-4668-BE54-9A1E7A4F7556}") = "Ejercicio_01", "Ejercicio_01\Ejercicio_01.csproj", "{BDCF1228-2C82-4E80-B3C0-E9D6A83B2AA5}"
EndProject
Project("{2150E333-8FDC-42A3-9474-1A3956D46DE8}") = "Clase 1", "Clase 1", "{4D991D5A-B53F-4F74-A9A9-AB5356CDA8D9}"
EndProject
Project("{9A19103F-16F7-4668-BE54-9A1E7A4F7556}") = "C1_Ejercicio_02", "C1_Ejercicio_02\C1_Ejercicio_02.csproj", "{B1168270-B8B2-456C-9009-63A32F8C1EAC}"
EndProject
Project("{9A19103F-16F7-4668-BE54-9A1E7A4F7556}") = "C1_Ejercicio_03", "C1_Ejercicio_03\C1_Ejercicio_03.csproj", "{2F9A9611-D5DD-4946-AB89-E41C587AF7A8}"
EndProject
Project("{9A19103F-16F7-4668-BE54-9A1E7A4F7556}") = "C1_Ejercicio_04", "C1_Ejercicio_04\C1_Ejercicio_04.csproj", "{8506F186-C938-4112-9D3E-74BCBEBA891A}"
EndProject
Project("{9A19103F-16F7-4668-BE54-9A1E7A4F7556}") = "C1_Ejercicio_05", "C1_Ejercicio_05\C1_Ejercicio_05.csproj", "{9001DCD5-29EA-4650-ADF4-4501D2FA668D}"
EndProject
Project("{9A19103F-16F7-4668-BE54-9A1E7A4F7556}") = "C1_Ejercicio_06", "C1_Ejercicio_06\C1_Ejercicio_06.csproj", "{6375DAB5-1378-4CA4-A7F4-943763F67D05}"
EndProject
Project("{2150E333-8FDC-42A3-9474-1A3956D46DE8}") = "Clase 2", "Clase 2", "{4FA8351B-3AA0-4B86-89A6-455AE99D96D8}"
EndProject
Project("{9A19103F-16F7-4668-BE54-9A1E7A4F7556}") = "C2_00", "C2_00\C2_00.csproj", "{DF99D49B-E26A-4615-85C6-D79CCEB6ABA7}"
EndProject
Project("{9A19103F-16F7-4668-BE54-9A1E7A4F7556}") = "C2_Ejercicio_01", "C2_Ejercicio_01\C2_Ejercicio_01.csproj", "{93A9DCD9-D06F-4C64-9BB3-99761F783E91}"
EndProject
Project("{9A19103F-16F7-4668-BE54-9A1E7A4F7556}") = "C2_Ejercicio_04", "C2_Ejercicio_04\C2_Ejercicio_04.csproj", "{6034FDDF-3C88-41EC-8356-73F3CA564C19}"
EndProject
Project("{9A19103F-16F7-4668-BE54-9A1E7A4F7556}") = "C2_Ejercicio_Extra", "C2_Ejercicio_Extra\C2_Ejercicio_Extra.csproj", "{2CD3D56C-E84E-4F0F-B805-FE1C2417E677}"
EndProject
Project("{9A19103F-16F7-4668-BE54-9A1E7A4F7556}") = "C2_Ejercicio_02", "C2_Ejercicio_02\C2_Ejercicio_02.csproj", "{47293B67-83CC-4CA2-9A08-5BE15A50EA2E}"
EndProject
Project("{9A19103F-16F7-4668-BE54-9A1E7A4F7556}") = "C2_Ejercicio_03", "C2_Ejercicio_03\C2_Ejercicio_03.csproj", "{6EA22064-3D19-495F-B769-DDC02200CDF9}"
EndProject
Project("{9A19103F-16F7-4668-BE54-9A1E7A4F7556}") = "C2_Ejercicio_05", "C2_Ejercicio_05\C2_Ejercicio_05.csproj", "{7282F66D-A196-43EF-A0D9-F7252F54FFA8}"
EndProject
Project("{9A19103F-16F7-4668-BE54-9A1E7A4F7556}") = "C1_Ejercicio_07", "C1_Ejercicio_07\C1_Ejercicio_07.csproj", "{C1B50136-2D58-48A7-AC97-049354D61873}"
EndProject
Project("{9A19103F-16F7-4668-BE54-9A1E7A4F7556}") = "C1_Ejercicio_08", "C1_Ejercicio_08\C1_Ejercicio_08.csproj", "{60A7B3FF-3427-4895-8C63-18D3D3016087}"
EndProject
Project("{9A19103F-16F7-4668-BE54-9A1E7A4F7556}") = "C2_Ejercicio_06", "C2_Ejercicio_06\C2_Ejercicio_06.csproj", "{5B69A061-8F77-4EE7-9E8B-75E878E2ABA4}"
EndProject
Project("{9A19103F-16F7-4668-BE54-9A1E7A4F7556}") = "C2_Ejercicio_07", "C2_Ejercicio_08\C2_Ejercicio_07.csproj", "{57FDEDB6-CDD6-41D7-80F8-7059C9866CB7}"
EndProject
Project("{9A19103F-16F7-4668-BE54-9A1E7A4F7556}") = "C2_Ejercicio_8", "C2_Ejercicio_008\C2_Ejercicio_8.csproj", "{9A5B5899-5644-4895-9248-98B6F2081B29}"
EndProject
Project("{9A19103F-16F7-4668-BE54-9A1E7A4F7556}") = "C2_Ejercicio_09", "C2_Ejercicio_09\C2_Ejercicio_09.csproj", "{72A2DD16-3E87-400E-B794-BDC79915DF96}"
EndProject
Project("{2150E333-8FDC-42A3-9474-1A3956D46DE8}") = "Clase 3", "Clase 3", "{FE89D1E0-FB0D-45A6-B0C2-CC19F4284F73}"
EndProject
Project("{9A19103F-16F7-4668-BE54-9A1E7A4F7556}") = "C3_Ejercicio_00", "C3_Ejercicio_00\C3_Ejercicio_00.csproj", "{F4728488-9DF3-400B-81D9-C3879A682937}"
EndProject
Project("{2150E333-8FDC-42A3-9474-1A3956D46DE8}") = "Ejercicio 1", "Ejercicio 1", "{1D5CEF3B-A54B-4E39-AFDE-99C7C6E8F515}"
EndProject
Project("{9A19103F-16F7-4668-BE54-9A1E7A4F7556}") = "C3_Ejercicio_01", "C3_Ejercicio_01\C3_Ejercicio_01.csproj", "{7AF9A6F8-7E55-471F-8723-54E7825133A7}"
EndProject
Project("{9A19103F-16F7-4668-BE54-9A1E7A4F7556}") = "C3_Entidades_01", "Entidades\C3_Entidades_01.csproj", "{CA7955A2-9001-4A08-A9FB-90B20862E36A}"
EndProject
Project("{2150E333-8FDC-42A3-9474-1A3956D46DE8}") = "Ejercicio 2", "Ejercicio 2", "{F1EFEC7B-A60C-453D-9B75-AA5D518ADBD6}"
EndProject
Project("{9A19103F-16F7-4668-BE54-9A1E7A4F7556}") = "C3_Ejercicio_02", "C3_Ejercicio_02\C3_Ejercicio_02.csproj", "{029E395C-8ABB-4C2A-91FC-A21571A8B552}"
EndProject
Project("{9A19103F-16F7-4668-BE54-9A1E7A4F7556}") = "C3_Entidades_02", "C3_Entidades_02\C3_Entidades_02.csproj", "{76C8864B-E36C-447B-B616-B57D68079C57}"
EndProject
Project("{2150E333-8FDC-42A3-9474-1A3956D46DE8}") = "Ejercicio 0", "Ejercicio 0", "{3CA3284D-A663-45A7-AA7F-59F238298A95}"
EndProject
Project("{2150E333-8FDC-42A3-9474-1A3956D46DE8}") = "Utilidades", "Utilidades", "{8D466223-0B53-46D0-9796-C446554C9B94}"
EndProject
Project("{9A19103F-16F7-4668-BE54-9A1E7A4F7556}") = "Utilidades", "Utilidades\Utilidades.csproj", "{E04B2EBF-4E77-4EF1-908D-123E01DD3E40}"
EndProject
Project("{2150E333-8FDC-42A3-9474-1A3956D46DE8}") = "Clase 4", "Clase 4", "{6C66C199-6450-4D17-B923-A701D224983E}"
EndProject
Project("{9A19103F-16F7-4668-BE54-9A1E7A4F7556}") = "C4_Ejercicio_01", "C4_Ejercicio_01\C4_Ejercicio_01.csproj", "{D7D55364-C610-4956-A624-ADABA412542B}"
EndProject
Project("{2150E333-8FDC-42A3-9474-1A3956D46DE8}") = "Ejercicio 01", "Ejercicio 01", "{1E81F908-AB80-43A2-BB38-1A3E1C66096C}"
EndProject
Project("{9A19103F-16F7-4668-BE54-9A1E7A4F7556}") = "C4_Entidades_01", "C4_Entidades_01\C4_Entidades_01.csproj", "{F9669BA3-4D71-41AD-BD05-C38B6DB40B60}"
EndProject
Project("{2150E333-8FDC-42A3-9474-1A3956D46DE8}") = "Ejercicio 2", "Ejercicio 2", "{86CA954E-EBAF-4681-8F36-652449560F45}"
EndProject
Project("{9A19103F-16F7-4668-BE54-9A1E7A4F7556}") = "C4_Ejercicio_02", "C4_Ejercicio_02\C4_Ejercicio_02.csproj", "{14FEE632-CFE3-4436-A803-0C3DC0BC615A}"
EndProject
Project("{9A19103F-16F7-4668-BE54-9A1E7A4F7556}") = "Billetes", "Billetes\Billetes.csproj", "{ADA26144-4D53-4EC6-A5F0-D0CEF963ABF9}"
EndProject
Project("{2150E333-8FDC-42A3-9474-1A3956D46DE8}") = "Ejercicio 3", "Ejercicio 3", "{A9B98548-3491-49EC-9C92-0147EB5ED82A}"
EndProject
Project("{9A19103F-16F7-4668-BE54-9A1E7A4F7556}") = "C3_Ejercicio_03", "C3_Ejercicio_03\C3_Ejercicio_03.csproj", "{55291995-7615-45DE-A210-F3A2CBAB0C29}"
EndProject
Project("{9A19103F-16F7-4668-BE54-9A1E7A4F7556}") = "C3_Entidades_03", "C3_Entidades_03\C3_Entidades_03.csproj", "{B92AF4D9-2240-4760-B462-5FD2C751956F}"
EndProject
Project("{2150E333-8FDC-42A3-9474-1A3956D46DE8}") = "Ejercicio 4", "Ejercicio 4", "{ED412D28-D12C-448B-9525-ABEDC8709798}"
EndProject
Project("{9A19103F-16F7-4668-BE54-9A1E7A4F7556}") = "C3_Ejercicio_04", "C4_Ejercicio_04\C3_Ejercicio_04.csproj", "{828B179E-F757-4D8B-AA1E-F9F919500A8E}"
EndProject
Project("{9A19103F-16F7-4668-BE54-9A1E7A4F7556}") = "C3_Entidades_04", "C3_Entidades_04\C3_Entidades_04.csproj", "{9E78DBB7-45C9-4375-A97A-C8FA7A005216}"
EndProject
Project("{2150E333-8FDC-42A3-9474-1A3956D46DE8}") = "Ejercicio 5", "Ejercicio 5", "{AC57CC47-0542-4980-BB26-565CD235E98C}"
EndProject
Project("{9A19103F-16F7-4668-BE54-9A1E7A4F7556}") = "C3_Ejercicio_05", "C3_Ejercicio_05\C3_Ejercicio_05.csproj", "{E90AB19E-EFF7-4D79-9DB8-03C27ED1D3F7}"
EndProject
Project("{9A19103F-16F7-4668-BE54-9A1E7A4F7556}") = "Geometria", "C3_Entidades_05\Geometria.csproj", "{B4D9C182-A0C5-430A-A76E-85FF6D248135}"
EndProject
Project("{2150E333-8FDC-42A3-9474-1A3956D46DE8}") = "Ejercicio 6", "Ejercicio 6", "{8768DAF2-5C5E-490F-8ADB-E12B63D3DD27}"
EndProject
Project("{9A19103F-16F7-4668-BE54-9A1E7A4F7556}") = "C3_A_01", "C3_A_01\C3_A_01.csproj", "{26ED2FE7-E2F8-4560-9682-7E842EA29CFC}"
EndProject
Project("{9A19103F-16F7-4668-BE54-9A1E7A4F7556}") = "EmpresaTransporte", "EmpresaTransporte\EmpresaTransporte.csproj", "{0BACA5CD-EC6B-4E41-AF8C-36745DCB4FC0}"
EndProject
Project("{9A19103F-16F7-4668-BE54-9A1E7A4F7556}") = "C4_Ejercicio_03", "C4_Ejercicio_03\C4_Ejercicio_03.csproj", "{1BC8CA0F-7466-4A7F-87A3-A451E13E2B1F}"
EndProject
Project("{2150E333-8FDC-42A3-9474-1A3956D46DE8}") = "Ejercicio 3", "Ejercicio 3", "{83D5BB1B-4C45-4886-A8D3-6A86F8E77440}"
EndProject
Project("{9A19103F-16F7-4668-BE54-9A1E7A4F7556}") = "C4_Entidades_03", "C4_Entidades_03\C4_Entidades_03.csproj", "{719D88E5-677B-4B20-B561-975290B365EF}"
EndProject
Project("{2150E333-8FDC-42A3-9474-1A3956D46DE8}") = "Ejercicio 5", "Ejercicio 5", "{C206AF95-4C09-4A38-8F21-09B014355BCC}"
EndProject
Project("{9A19103F-16F7-4668-BE54-9A1E7A4F7556}") = "C4_Ejercicio_05", "C4_Ejercicio_05\C4_Ejercicio_05.csproj", "{69749F29-FE00-4BCA-AA44-BC40E624377F}"
EndProject
Project("{9A19103F-16F7-4668-BE54-9A1E7A4F7556}") = "C4_Entidades_05", "C4_Entidades_05\C4_Entidades_05.csproj", "{4CB83647-B3B3-4F94-8C56-279DF9A8759B}"
EndProject
Project("{2150E333-8FDC-42A3-9474-1A3956D46DE8}") = "Clase 5", "Clase 5", "{2D3F71C5-8FFE-4A1B-B4A7-298B6F621C27}"
EndProject
Project("{9A19103F-16F7-4668-BE54-9A1E7A4F7556}") = "Vistas", "Vistas\Vistas.csproj", "{0902200D-972B-42AD-BDDB-8A9FA9875BAE}"
EndProject
Project("{2150E333-8FDC-42A3-9474-1A3956D46DE8}") = "Ejercicio 00", "Ejercicio 00", "{F08FF878-8169-4F43-A9F8-6A7AB581DA64}"
EndProject
Project("{2150E333-8FDC-42A3-9474-1A3956D46DE8}") = "Ejercicio 01", "Ejercicio 01", "{D6131716-8001-4311-92FB-E4C0AB8841A5}"
EndProject
Project("{9A19103F-16F7-4668-BE54-9A1E7A4F7556}") = "C5_Ejercicio_01", "C5_Ejercicio_01\C5_Ejercicio_01.csproj", "{712B7C14-BDB3-4D6A-BD8D-D6BD02E103C1}"
EndProject
Project("{2150E333-8FDC-42A3-9474-1A3956D46DE8}") = "Ejercicio 02", "Ejercicio 02", "{A317F0F8-FC8A-4201-A608-C180A08E0346}"
EndProject
Project("{9A19103F-16F7-4668-BE54-9A1E7A4F7556}") = "C5_Ejercicio_02", "C5_Ejercicio_02\C5_Ejercicio_02.csproj", "{37869543-8950-4916-B8A2-BBBD2640A027}"
EndProject
Project("{9A19103F-16F7-4668-BE54-9A1E7A4F7556}") = "C5_Entidades_02", "C5_Entidades_02\C5_Entidades_02.csproj", "{9B4D65DB-B634-4724-A6BD-6A48722CB0C1}"
EndProject
Project("{2150E333-8FDC-42A3-9474-1A3956D46DE8}") = "Clase 6", "Clase 6", "{9206B11D-CED5-4197-A41F-A90E5768E9FB}"
EndProject
Project("{FAE04EC0-301F-11D3-BF4B-00C04F79EFBC}") = "C6_Ejercicio_01", "C6_Ejercicio_01\C6_Ejercicio_01.csproj", "{18495CD4-A8A4-4CA1-9B48-D4599962CADF}"
EndProject
Project("{2150E333-8FDC-42A3-9474-1A3956D46DE8}") = "Ejercicio 1", "Ejercicio 1", "{08F1B280-0174-4736-A0F6-DF57FA9B1D7F}"
EndProject
Project("{2150E333-8FDC-42A3-9474-1A3956D46DE8}") = "Ejercicio 2", "Ejercicio 2", "{708A807F-2370-4AC9-9E6A-BD2520A0D0B3}"
EndProject
Project("{FAE04EC0-301F-11D3-BF4B-00C04F79EFBC}") = "C6_Ejercicio_02", "C6_Ejercicio_02\C6_Ejercicio_02.csproj", "{D3CE5848-4ADE-44B8-AEF0-0D97E0B1B09A}"
EndProject
Global
	GlobalSection(SolutionConfigurationPlatforms) = preSolution
		Debug|Any CPU = Debug|Any CPU
		Release|Any CPU = Release|Any CPU
	EndGlobalSection
	GlobalSection(ProjectConfigurationPlatforms) = postSolution
		{ECCBFC47-A838-4CE9-8B85-5175D6E8B796}.Debug|Any CPU.ActiveCfg = Debug|Any CPU
		{ECCBFC47-A838-4CE9-8B85-5175D6E8B796}.Debug|Any CPU.Build.0 = Debug|Any CPU
		{ECCBFC47-A838-4CE9-8B85-5175D6E8B796}.Release|Any CPU.ActiveCfg = Release|Any CPU
		{ECCBFC47-A838-4CE9-8B85-5175D6E8B796}.Release|Any CPU.Build.0 = Release|Any CPU
		{BDCF1228-2C82-4E80-B3C0-E9D6A83B2AA5}.Debug|Any CPU.ActiveCfg = Debug|Any CPU
		{BDCF1228-2C82-4E80-B3C0-E9D6A83B2AA5}.Debug|Any CPU.Build.0 = Debug|Any CPU
		{BDCF1228-2C82-4E80-B3C0-E9D6A83B2AA5}.Release|Any CPU.ActiveCfg = Release|Any CPU
		{BDCF1228-2C82-4E80-B3C0-E9D6A83B2AA5}.Release|Any CPU.Build.0 = Release|Any CPU
		{B1168270-B8B2-456C-9009-63A32F8C1EAC}.Debug|Any CPU.ActiveCfg = Debug|Any CPU
		{B1168270-B8B2-456C-9009-63A32F8C1EAC}.Debug|Any CPU.Build.0 = Debug|Any CPU
		{B1168270-B8B2-456C-9009-63A32F8C1EAC}.Release|Any CPU.ActiveCfg = Release|Any CPU
		{B1168270-B8B2-456C-9009-63A32F8C1EAC}.Release|Any CPU.Build.0 = Release|Any CPU
		{2F9A9611-D5DD-4946-AB89-E41C587AF7A8}.Debug|Any CPU.ActiveCfg = Debug|Any CPU
		{2F9A9611-D5DD-4946-AB89-E41C587AF7A8}.Debug|Any CPU.Build.0 = Debug|Any CPU
		{2F9A9611-D5DD-4946-AB89-E41C587AF7A8}.Release|Any CPU.ActiveCfg = Release|Any CPU
		{2F9A9611-D5DD-4946-AB89-E41C587AF7A8}.Release|Any CPU.Build.0 = Release|Any CPU
		{8506F186-C938-4112-9D3E-74BCBEBA891A}.Debug|Any CPU.ActiveCfg = Debug|Any CPU
		{8506F186-C938-4112-9D3E-74BCBEBA891A}.Debug|Any CPU.Build.0 = Debug|Any CPU
		{8506F186-C938-4112-9D3E-74BCBEBA891A}.Release|Any CPU.ActiveCfg = Release|Any CPU
		{8506F186-C938-4112-9D3E-74BCBEBA891A}.Release|Any CPU.Build.0 = Release|Any CPU
		{9001DCD5-29EA-4650-ADF4-4501D2FA668D}.Debug|Any CPU.ActiveCfg = Debug|Any CPU
		{9001DCD5-29EA-4650-ADF4-4501D2FA668D}.Debug|Any CPU.Build.0 = Debug|Any CPU
		{9001DCD5-29EA-4650-ADF4-4501D2FA668D}.Release|Any CPU.ActiveCfg = Release|Any CPU
		{9001DCD5-29EA-4650-ADF4-4501D2FA668D}.Release|Any CPU.Build.0 = Release|Any CPU
		{6375DAB5-1378-4CA4-A7F4-943763F67D05}.Debug|Any CPU.ActiveCfg = Debug|Any CPU
		{6375DAB5-1378-4CA4-A7F4-943763F67D05}.Debug|Any CPU.Build.0 = Debug|Any CPU
		{6375DAB5-1378-4CA4-A7F4-943763F67D05}.Release|Any CPU.ActiveCfg = Release|Any CPU
		{6375DAB5-1378-4CA4-A7F4-943763F67D05}.Release|Any CPU.Build.0 = Release|Any CPU
		{DF99D49B-E26A-4615-85C6-D79CCEB6ABA7}.Debug|Any CPU.ActiveCfg = Debug|Any CPU
		{DF99D49B-E26A-4615-85C6-D79CCEB6ABA7}.Debug|Any CPU.Build.0 = Debug|Any CPU
		{DF99D49B-E26A-4615-85C6-D79CCEB6ABA7}.Release|Any CPU.ActiveCfg = Release|Any CPU
		{DF99D49B-E26A-4615-85C6-D79CCEB6ABA7}.Release|Any CPU.Build.0 = Release|Any CPU
		{93A9DCD9-D06F-4C64-9BB3-99761F783E91}.Debug|Any CPU.ActiveCfg = Debug|Any CPU
		{93A9DCD9-D06F-4C64-9BB3-99761F783E91}.Debug|Any CPU.Build.0 = Debug|Any CPU
		{93A9DCD9-D06F-4C64-9BB3-99761F783E91}.Release|Any CPU.ActiveCfg = Release|Any CPU
		{93A9DCD9-D06F-4C64-9BB3-99761F783E91}.Release|Any CPU.Build.0 = Release|Any CPU
		{6034FDDF-3C88-41EC-8356-73F3CA564C19}.Debug|Any CPU.ActiveCfg = Debug|Any CPU
		{6034FDDF-3C88-41EC-8356-73F3CA564C19}.Debug|Any CPU.Build.0 = Debug|Any CPU
		{6034FDDF-3C88-41EC-8356-73F3CA564C19}.Release|Any CPU.ActiveCfg = Release|Any CPU
		{6034FDDF-3C88-41EC-8356-73F3CA564C19}.Release|Any CPU.Build.0 = Release|Any CPU
		{2CD3D56C-E84E-4F0F-B805-FE1C2417E677}.Debug|Any CPU.ActiveCfg = Debug|Any CPU
		{2CD3D56C-E84E-4F0F-B805-FE1C2417E677}.Debug|Any CPU.Build.0 = Debug|Any CPU
		{2CD3D56C-E84E-4F0F-B805-FE1C2417E677}.Release|Any CPU.ActiveCfg = Release|Any CPU
		{2CD3D56C-E84E-4F0F-B805-FE1C2417E677}.Release|Any CPU.Build.0 = Release|Any CPU
		{47293B67-83CC-4CA2-9A08-5BE15A50EA2E}.Debug|Any CPU.ActiveCfg = Debug|Any CPU
		{47293B67-83CC-4CA2-9A08-5BE15A50EA2E}.Debug|Any CPU.Build.0 = Debug|Any CPU
		{47293B67-83CC-4CA2-9A08-5BE15A50EA2E}.Release|Any CPU.ActiveCfg = Release|Any CPU
		{47293B67-83CC-4CA2-9A08-5BE15A50EA2E}.Release|Any CPU.Build.0 = Release|Any CPU
		{6EA22064-3D19-495F-B769-DDC02200CDF9}.Debug|Any CPU.ActiveCfg = Debug|Any CPU
		{6EA22064-3D19-495F-B769-DDC02200CDF9}.Debug|Any CPU.Build.0 = Debug|Any CPU
		{6EA22064-3D19-495F-B769-DDC02200CDF9}.Release|Any CPU.ActiveCfg = Release|Any CPU
		{6EA22064-3D19-495F-B769-DDC02200CDF9}.Release|Any CPU.Build.0 = Release|Any CPU
		{7282F66D-A196-43EF-A0D9-F7252F54FFA8}.Debug|Any CPU.ActiveCfg = Debug|Any CPU
		{7282F66D-A196-43EF-A0D9-F7252F54FFA8}.Debug|Any CPU.Build.0 = Debug|Any CPU
		{7282F66D-A196-43EF-A0D9-F7252F54FFA8}.Release|Any CPU.ActiveCfg = Release|Any CPU
		{7282F66D-A196-43EF-A0D9-F7252F54FFA8}.Release|Any CPU.Build.0 = Release|Any CPU
		{C1B50136-2D58-48A7-AC97-049354D61873}.Debug|Any CPU.ActiveCfg = Debug|Any CPU
		{C1B50136-2D58-48A7-AC97-049354D61873}.Debug|Any CPU.Build.0 = Debug|Any CPU
		{C1B50136-2D58-48A7-AC97-049354D61873}.Release|Any CPU.ActiveCfg = Release|Any CPU
		{C1B50136-2D58-48A7-AC97-049354D61873}.Release|Any CPU.Build.0 = Release|Any CPU
		{60A7B3FF-3427-4895-8C63-18D3D3016087}.Debug|Any CPU.ActiveCfg = Debug|Any CPU
		{60A7B3FF-3427-4895-8C63-18D3D3016087}.Debug|Any CPU.Build.0 = Debug|Any CPU
		{60A7B3FF-3427-4895-8C63-18D3D3016087}.Release|Any CPU.ActiveCfg = Release|Any CPU
		{60A7B3FF-3427-4895-8C63-18D3D3016087}.Release|Any CPU.Build.0 = Release|Any CPU
		{5B69A061-8F77-4EE7-9E8B-75E878E2ABA4}.Debug|Any CPU.ActiveCfg = Debug|Any CPU
		{5B69A061-8F77-4EE7-9E8B-75E878E2ABA4}.Debug|Any CPU.Build.0 = Debug|Any CPU
		{5B69A061-8F77-4EE7-9E8B-75E878E2ABA4}.Release|Any CPU.ActiveCfg = Release|Any CPU
		{5B69A061-8F77-4EE7-9E8B-75E878E2ABA4}.Release|Any CPU.Build.0 = Release|Any CPU
		{57FDEDB6-CDD6-41D7-80F8-7059C9866CB7}.Debug|Any CPU.ActiveCfg = Debug|Any CPU
		{57FDEDB6-CDD6-41D7-80F8-7059C9866CB7}.Debug|Any CPU.Build.0 = Debug|Any CPU
		{57FDEDB6-CDD6-41D7-80F8-7059C9866CB7}.Release|Any CPU.ActiveCfg = Release|Any CPU
		{57FDEDB6-CDD6-41D7-80F8-7059C9866CB7}.Release|Any CPU.Build.0 = Release|Any CPU
		{9A5B5899-5644-4895-9248-98B6F2081B29}.Debug|Any CPU.ActiveCfg = Debug|Any CPU
		{9A5B5899-5644-4895-9248-98B6F2081B29}.Debug|Any CPU.Build.0 = Debug|Any CPU
		{9A5B5899-5644-4895-9248-98B6F2081B29}.Release|Any CPU.ActiveCfg = Release|Any CPU
		{9A5B5899-5644-4895-9248-98B6F2081B29}.Release|Any CPU.Build.0 = Release|Any CPU
		{72A2DD16-3E87-400E-B794-BDC79915DF96}.Debug|Any CPU.ActiveCfg = Debug|Any CPU
		{72A2DD16-3E87-400E-B794-BDC79915DF96}.Debug|Any CPU.Build.0 = Debug|Any CPU
		{72A2DD16-3E87-400E-B794-BDC79915DF96}.Release|Any CPU.ActiveCfg = Release|Any CPU
		{72A2DD16-3E87-400E-B794-BDC79915DF96}.Release|Any CPU.Build.0 = Release|Any CPU
		{F4728488-9DF3-400B-81D9-C3879A682937}.Debug|Any CPU.ActiveCfg = Debug|Any CPU
		{F4728488-9DF3-400B-81D9-C3879A682937}.Debug|Any CPU.Build.0 = Debug|Any CPU
		{F4728488-9DF3-400B-81D9-C3879A682937}.Release|Any CPU.ActiveCfg = Release|Any CPU
		{F4728488-9DF3-400B-81D9-C3879A682937}.Release|Any CPU.Build.0 = Release|Any CPU
		{7AF9A6F8-7E55-471F-8723-54E7825133A7}.Debug|Any CPU.ActiveCfg = Debug|Any CPU
		{7AF9A6F8-7E55-471F-8723-54E7825133A7}.Debug|Any CPU.Build.0 = Debug|Any CPU
		{7AF9A6F8-7E55-471F-8723-54E7825133A7}.Release|Any CPU.ActiveCfg = Release|Any CPU
		{7AF9A6F8-7E55-471F-8723-54E7825133A7}.Release|Any CPU.Build.0 = Release|Any CPU
		{CA7955A2-9001-4A08-A9FB-90B20862E36A}.Debug|Any CPU.ActiveCfg = Debug|Any CPU
		{CA7955A2-9001-4A08-A9FB-90B20862E36A}.Debug|Any CPU.Build.0 = Debug|Any CPU
		{CA7955A2-9001-4A08-A9FB-90B20862E36A}.Release|Any CPU.ActiveCfg = Release|Any CPU
		{CA7955A2-9001-4A08-A9FB-90B20862E36A}.Release|Any CPU.Build.0 = Release|Any CPU
		{029E395C-8ABB-4C2A-91FC-A21571A8B552}.Debug|Any CPU.ActiveCfg = Debug|Any CPU
		{029E395C-8ABB-4C2A-91FC-A21571A8B552}.Debug|Any CPU.Build.0 = Debug|Any CPU
		{029E395C-8ABB-4C2A-91FC-A21571A8B552}.Release|Any CPU.ActiveCfg = Release|Any CPU
		{029E395C-8ABB-4C2A-91FC-A21571A8B552}.Release|Any CPU.Build.0 = Release|Any CPU
		{76C8864B-E36C-447B-B616-B57D68079C57}.Debug|Any CPU.ActiveCfg = Debug|Any CPU
		{76C8864B-E36C-447B-B616-B57D68079C57}.Debug|Any CPU.Build.0 = Debug|Any CPU
		{76C8864B-E36C-447B-B616-B57D68079C57}.Release|Any CPU.ActiveCfg = Release|Any CPU
		{76C8864B-E36C-447B-B616-B57D68079C57}.Release|Any CPU.Build.0 = Release|Any CPU
		{E04B2EBF-4E77-4EF1-908D-123E01DD3E40}.Debug|Any CPU.ActiveCfg = Debug|Any CPU
		{E04B2EBF-4E77-4EF1-908D-123E01DD3E40}.Debug|Any CPU.Build.0 = Debug|Any CPU
		{E04B2EBF-4E77-4EF1-908D-123E01DD3E40}.Release|Any CPU.ActiveCfg = Release|Any CPU
		{E04B2EBF-4E77-4EF1-908D-123E01DD3E40}.Release|Any CPU.Build.0 = Release|Any CPU
		{D7D55364-C610-4956-A624-ADABA412542B}.Debug|Any CPU.ActiveCfg = Debug|Any CPU
		{D7D55364-C610-4956-A624-ADABA412542B}.Debug|Any CPU.Build.0 = Debug|Any CPU
		{D7D55364-C610-4956-A624-ADABA412542B}.Release|Any CPU.ActiveCfg = Release|Any CPU
		{D7D55364-C610-4956-A624-ADABA412542B}.Release|Any CPU.Build.0 = Release|Any CPU
		{F9669BA3-4D71-41AD-BD05-C38B6DB40B60}.Debug|Any CPU.ActiveCfg = Debug|Any CPU
		{F9669BA3-4D71-41AD-BD05-C38B6DB40B60}.Debug|Any CPU.Build.0 = Debug|Any CPU
		{F9669BA3-4D71-41AD-BD05-C38B6DB40B60}.Release|Any CPU.ActiveCfg = Release|Any CPU
		{F9669BA3-4D71-41AD-BD05-C38B6DB40B60}.Release|Any CPU.Build.0 = Release|Any CPU
		{14FEE632-CFE3-4436-A803-0C3DC0BC615A}.Debug|Any CPU.ActiveCfg = Debug|Any CPU
		{14FEE632-CFE3-4436-A803-0C3DC0BC615A}.Debug|Any CPU.Build.0 = Debug|Any CPU
		{14FEE632-CFE3-4436-A803-0C3DC0BC615A}.Release|Any CPU.ActiveCfg = Release|Any CPU
		{14FEE632-CFE3-4436-A803-0C3DC0BC615A}.Release|Any CPU.Build.0 = Release|Any CPU
		{ADA26144-4D53-4EC6-A5F0-D0CEF963ABF9}.Debug|Any CPU.ActiveCfg = Debug|Any CPU
		{ADA26144-4D53-4EC6-A5F0-D0CEF963ABF9}.Debug|Any CPU.Build.0 = Debug|Any CPU
		{ADA26144-4D53-4EC6-A5F0-D0CEF963ABF9}.Release|Any CPU.ActiveCfg = Release|Any CPU
		{ADA26144-4D53-4EC6-A5F0-D0CEF963ABF9}.Release|Any CPU.Build.0 = Release|Any CPU
		{55291995-7615-45DE-A210-F3A2CBAB0C29}.Debug|Any CPU.ActiveCfg = Debug|Any CPU
		{55291995-7615-45DE-A210-F3A2CBAB0C29}.Debug|Any CPU.Build.0 = Debug|Any CPU
		{55291995-7615-45DE-A210-F3A2CBAB0C29}.Release|Any CPU.ActiveCfg = Release|Any CPU
		{55291995-7615-45DE-A210-F3A2CBAB0C29}.Release|Any CPU.Build.0 = Release|Any CPU
		{B92AF4D9-2240-4760-B462-5FD2C751956F}.Debug|Any CPU.ActiveCfg = Debug|Any CPU
		{B92AF4D9-2240-4760-B462-5FD2C751956F}.Debug|Any CPU.Build.0 = Debug|Any CPU
		{B92AF4D9-2240-4760-B462-5FD2C751956F}.Release|Any CPU.ActiveCfg = Release|Any CPU
		{B92AF4D9-2240-4760-B462-5FD2C751956F}.Release|Any CPU.Build.0 = Release|Any CPU
		{828B179E-F757-4D8B-AA1E-F9F919500A8E}.Debug|Any CPU.ActiveCfg = Debug|Any CPU
		{828B179E-F757-4D8B-AA1E-F9F919500A8E}.Debug|Any CPU.Build.0 = Debug|Any CPU
		{828B179E-F757-4D8B-AA1E-F9F919500A8E}.Release|Any CPU.ActiveCfg = Release|Any CPU
		{828B179E-F757-4D8B-AA1E-F9F919500A8E}.Release|Any CPU.Build.0 = Release|Any CPU
		{9E78DBB7-45C9-4375-A97A-C8FA7A005216}.Debug|Any CPU.ActiveCfg = Debug|Any CPU
		{9E78DBB7-45C9-4375-A97A-C8FA7A005216}.Debug|Any CPU.Build.0 = Debug|Any CPU
		{9E78DBB7-45C9-4375-A97A-C8FA7A005216}.Release|Any CPU.ActiveCfg = Release|Any CPU
		{9E78DBB7-45C9-4375-A97A-C8FA7A005216}.Release|Any CPU.Build.0 = Release|Any CPU
		{E90AB19E-EFF7-4D79-9DB8-03C27ED1D3F7}.Debug|Any CPU.ActiveCfg = Debug|Any CPU
		{E90AB19E-EFF7-4D79-9DB8-03C27ED1D3F7}.Debug|Any CPU.Build.0 = Debug|Any CPU
		{E90AB19E-EFF7-4D79-9DB8-03C27ED1D3F7}.Release|Any CPU.ActiveCfg = Release|Any CPU
		{E90AB19E-EFF7-4D79-9DB8-03C27ED1D3F7}.Release|Any CPU.Build.0 = Release|Any CPU
		{B4D9C182-A0C5-430A-A76E-85FF6D248135}.Debug|Any CPU.ActiveCfg = Debug|Any CPU
		{B4D9C182-A0C5-430A-A76E-85FF6D248135}.Debug|Any CPU.Build.0 = Debug|Any CPU
		{B4D9C182-A0C5-430A-A76E-85FF6D248135}.Release|Any CPU.ActiveCfg = Release|Any CPU
		{B4D9C182-A0C5-430A-A76E-85FF6D248135}.Release|Any CPU.Build.0 = Release|Any CPU
		{26ED2FE7-E2F8-4560-9682-7E842EA29CFC}.Debug|Any CPU.ActiveCfg = Debug|Any CPU
		{26ED2FE7-E2F8-4560-9682-7E842EA29CFC}.Debug|Any CPU.Build.0 = Debug|Any CPU
		{26ED2FE7-E2F8-4560-9682-7E842EA29CFC}.Release|Any CPU.ActiveCfg = Release|Any CPU
		{26ED2FE7-E2F8-4560-9682-7E842EA29CFC}.Release|Any CPU.Build.0 = Release|Any CPU
		{0BACA5CD-EC6B-4E41-AF8C-36745DCB4FC0}.Debug|Any CPU.ActiveCfg = Debug|Any CPU
		{0BACA5CD-EC6B-4E41-AF8C-36745DCB4FC0}.Debug|Any CPU.Build.0 = Debug|Any CPU
		{0BACA5CD-EC6B-4E41-AF8C-36745DCB4FC0}.Release|Any CPU.ActiveCfg = Release|Any CPU
		{0BACA5CD-EC6B-4E41-AF8C-36745DCB4FC0}.Release|Any CPU.Build.0 = Release|Any CPU
		{1BC8CA0F-7466-4A7F-87A3-A451E13E2B1F}.Debug|Any CPU.ActiveCfg = Debug|Any CPU
		{1BC8CA0F-7466-4A7F-87A3-A451E13E2B1F}.Debug|Any CPU.Build.0 = Debug|Any CPU
		{1BC8CA0F-7466-4A7F-87A3-A451E13E2B1F}.Release|Any CPU.ActiveCfg = Release|Any CPU
		{1BC8CA0F-7466-4A7F-87A3-A451E13E2B1F}.Release|Any CPU.Build.0 = Release|Any CPU
		{719D88E5-677B-4B20-B561-975290B365EF}.Debug|Any CPU.ActiveCfg = Debug|Any CPU
		{719D88E5-677B-4B20-B561-975290B365EF}.Debug|Any CPU.Build.0 = Debug|Any CPU
		{719D88E5-677B-4B20-B561-975290B365EF}.Release|Any CPU.ActiveCfg = Release|Any CPU
		{719D88E5-677B-4B20-B561-975290B365EF}.Release|Any CPU.Build.0 = Release|Any CPU
		{69749F29-FE00-4BCA-AA44-BC40E624377F}.Debug|Any CPU.ActiveCfg = Debug|Any CPU
		{69749F29-FE00-4BCA-AA44-BC40E624377F}.Debug|Any CPU.Build.0 = Debug|Any CPU
		{69749F29-FE00-4BCA-AA44-BC40E624377F}.Release|Any CPU.ActiveCfg = Release|Any CPU
		{69749F29-FE00-4BCA-AA44-BC40E624377F}.Release|Any CPU.Build.0 = Release|Any CPU
		{4CB83647-B3B3-4F94-8C56-279DF9A8759B}.Debug|Any CPU.ActiveCfg = Debug|Any CPU
		{4CB83647-B3B3-4F94-8C56-279DF9A8759B}.Debug|Any CPU.Build.0 = Debug|Any CPU
		{4CB83647-B3B3-4F94-8C56-279DF9A8759B}.Release|Any CPU.ActiveCfg = Release|Any CPU
		{4CB83647-B3B3-4F94-8C56-279DF9A8759B}.Release|Any CPU.Build.0 = Release|Any CPU
		{0902200D-972B-42AD-BDDB-8A9FA9875BAE}.Debug|Any CPU.ActiveCfg = Debug|Any CPU
		{0902200D-972B-42AD-BDDB-8A9FA9875BAE}.Debug|Any CPU.Build.0 = Debug|Any CPU
		{0902200D-972B-42AD-BDDB-8A9FA9875BAE}.Release|Any CPU.ActiveCfg = Release|Any CPU
		{0902200D-972B-42AD-BDDB-8A9FA9875BAE}.Release|Any CPU.Build.0 = Release|Any CPU
		{712B7C14-BDB3-4D6A-BD8D-D6BD02E103C1}.Debug|Any CPU.ActiveCfg = Debug|Any CPU
		{712B7C14-BDB3-4D6A-BD8D-D6BD02E103C1}.Debug|Any CPU.Build.0 = Debug|Any CPU
		{712B7C14-BDB3-4D6A-BD8D-D6BD02E103C1}.Release|Any CPU.ActiveCfg = Release|Any CPU
		{712B7C14-BDB3-4D6A-BD8D-D6BD02E103C1}.Release|Any CPU.Build.0 = Release|Any CPU
		{37869543-8950-4916-B8A2-BBBD2640A027}.Debug|Any CPU.ActiveCfg = Debug|Any CPU
		{37869543-8950-4916-B8A2-BBBD2640A027}.Debug|Any CPU.Build.0 = Debug|Any CPU
		{37869543-8950-4916-B8A2-BBBD2640A027}.Release|Any CPU.ActiveCfg = Release|Any CPU
		{37869543-8950-4916-B8A2-BBBD2640A027}.Release|Any CPU.Build.0 = Release|Any CPU
		{9B4D65DB-B634-4724-A6BD-6A48722CB0C1}.Debug|Any CPU.ActiveCfg = Debug|Any CPU
		{9B4D65DB-B634-4724-A6BD-6A48722CB0C1}.Debug|Any CPU.Build.0 = Debug|Any CPU
		{9B4D65DB-B634-4724-A6BD-6A48722CB0C1}.Release|Any CPU.ActiveCfg = Release|Any CPU
		{9B4D65DB-B634-4724-A6BD-6A48722CB0C1}.Release|Any CPU.Build.0 = Release|Any CPU
		{18495CD4-A8A4-4CA1-9B48-D4599962CADF}.Debug|Any CPU.ActiveCfg = Debug|Any CPU
		{18495CD4-A8A4-4CA1-9B48-D4599962CADF}.Debug|Any CPU.Build.0 = Debug|Any CPU
		{18495CD4-A8A4-4CA1-9B48-D4599962CADF}.Release|Any CPU.ActiveCfg = Release|Any CPU
		{18495CD4-A8A4-4CA1-9B48-D4599962CADF}.Release|Any CPU.Build.0 = Release|Any CPU
		{D3CE5848-4ADE-44B8-AEF0-0D97E0B1B09A}.Debug|Any CPU.ActiveCfg = Debug|Any CPU
		{D3CE5848-4ADE-44B8-AEF0-0D97E0B1B09A}.Debug|Any CPU.Build.0 = Debug|Any CPU
		{D3CE5848-4ADE-44B8-AEF0-0D97E0B1B09A}.Release|Any CPU.ActiveCfg = Release|Any CPU
		{D3CE5848-4ADE-44B8-AEF0-0D97E0B1B09A}.Release|Any CPU.Build.0 = Release|Any CPU
	EndGlobalSection
	GlobalSection(SolutionProperties) = preSolution
		HideSolutionNode = FALSE
	EndGlobalSection
	GlobalSection(NestedProjects) = preSolution
		{ECCBFC47-A838-4CE9-8B85-5175D6E8B796} = {4D991D5A-B53F-4F74-A9A9-AB5356CDA8D9}
		{BDCF1228-2C82-4E80-B3C0-E9D6A83B2AA5} = {4D991D5A-B53F-4F74-A9A9-AB5356CDA8D9}
		{B1168270-B8B2-456C-9009-63A32F8C1EAC} = {4D991D5A-B53F-4F74-A9A9-AB5356CDA8D9}
		{2F9A9611-D5DD-4946-AB89-E41C587AF7A8} = {4D991D5A-B53F-4F74-A9A9-AB5356CDA8D9}
		{8506F186-C938-4112-9D3E-74BCBEBA891A} = {4D991D5A-B53F-4F74-A9A9-AB5356CDA8D9}
		{9001DCD5-29EA-4650-ADF4-4501D2FA668D} = {4D991D5A-B53F-4F74-A9A9-AB5356CDA8D9}
		{6375DAB5-1378-4CA4-A7F4-943763F67D05} = {4D991D5A-B53F-4F74-A9A9-AB5356CDA8D9}
		{DF99D49B-E26A-4615-85C6-D79CCEB6ABA7} = {4FA8351B-3AA0-4B86-89A6-455AE99D96D8}
		{93A9DCD9-D06F-4C64-9BB3-99761F783E91} = {4FA8351B-3AA0-4B86-89A6-455AE99D96D8}
		{6034FDDF-3C88-41EC-8356-73F3CA564C19} = {4FA8351B-3AA0-4B86-89A6-455AE99D96D8}
		{2CD3D56C-E84E-4F0F-B805-FE1C2417E677} = {4FA8351B-3AA0-4B86-89A6-455AE99D96D8}
		{47293B67-83CC-4CA2-9A08-5BE15A50EA2E} = {4FA8351B-3AA0-4B86-89A6-455AE99D96D8}
		{6EA22064-3D19-495F-B769-DDC02200CDF9} = {4FA8351B-3AA0-4B86-89A6-455AE99D96D8}
		{7282F66D-A196-43EF-A0D9-F7252F54FFA8} = {4FA8351B-3AA0-4B86-89A6-455AE99D96D8}
		{C1B50136-2D58-48A7-AC97-049354D61873} = {4D991D5A-B53F-4F74-A9A9-AB5356CDA8D9}
		{60A7B3FF-3427-4895-8C63-18D3D3016087} = {4D991D5A-B53F-4F74-A9A9-AB5356CDA8D9}
		{5B69A061-8F77-4EE7-9E8B-75E878E2ABA4} = {4FA8351B-3AA0-4B86-89A6-455AE99D96D8}
		{57FDEDB6-CDD6-41D7-80F8-7059C9866CB7} = {4FA8351B-3AA0-4B86-89A6-455AE99D96D8}
		{9A5B5899-5644-4895-9248-98B6F2081B29} = {4FA8351B-3AA0-4B86-89A6-455AE99D96D8}
		{72A2DD16-3E87-400E-B794-BDC79915DF96} = {4FA8351B-3AA0-4B86-89A6-455AE99D96D8}
		{F4728488-9DF3-400B-81D9-C3879A682937} = {3CA3284D-A663-45A7-AA7F-59F238298A95}
		{1D5CEF3B-A54B-4E39-AFDE-99C7C6E8F515} = {FE89D1E0-FB0D-45A6-B0C2-CC19F4284F73}
		{7AF9A6F8-7E55-471F-8723-54E7825133A7} = {1D5CEF3B-A54B-4E39-AFDE-99C7C6E8F515}
		{CA7955A2-9001-4A08-A9FB-90B20862E36A} = {1D5CEF3B-A54B-4E39-AFDE-99C7C6E8F515}
		{F1EFEC7B-A60C-453D-9B75-AA5D518ADBD6} = {FE89D1E0-FB0D-45A6-B0C2-CC19F4284F73}
		{029E395C-8ABB-4C2A-91FC-A21571A8B552} = {F1EFEC7B-A60C-453D-9B75-AA5D518ADBD6}
		{76C8864B-E36C-447B-B616-B57D68079C57} = {F1EFEC7B-A60C-453D-9B75-AA5D518ADBD6}
		{3CA3284D-A663-45A7-AA7F-59F238298A95} = {FE89D1E0-FB0D-45A6-B0C2-CC19F4284F73}
		{E04B2EBF-4E77-4EF1-908D-123E01DD3E40} = {8D466223-0B53-46D0-9796-C446554C9B94}
		{D7D55364-C610-4956-A624-ADABA412542B} = {1E81F908-AB80-43A2-BB38-1A3E1C66096C}
		{1E81F908-AB80-43A2-BB38-1A3E1C66096C} = {6C66C199-6450-4D17-B923-A701D224983E}
		{F9669BA3-4D71-41AD-BD05-C38B6DB40B60} = {1E81F908-AB80-43A2-BB38-1A3E1C66096C}
		{86CA954E-EBAF-4681-8F36-652449560F45} = {6C66C199-6450-4D17-B923-A701D224983E}
		{14FEE632-CFE3-4436-A803-0C3DC0BC615A} = {86CA954E-EBAF-4681-8F36-652449560F45}
		{ADA26144-4D53-4EC6-A5F0-D0CEF963ABF9} = {86CA954E-EBAF-4681-8F36-652449560F45}
		{A9B98548-3491-49EC-9C92-0147EB5ED82A} = {FE89D1E0-FB0D-45A6-B0C2-CC19F4284F73}
		{55291995-7615-45DE-A210-F3A2CBAB0C29} = {A9B98548-3491-49EC-9C92-0147EB5ED82A}
		{B92AF4D9-2240-4760-B462-5FD2C751956F} = {A9B98548-3491-49EC-9C92-0147EB5ED82A}
		{ED412D28-D12C-448B-9525-ABEDC8709798} = {FE89D1E0-FB0D-45A6-B0C2-CC19F4284F73}
		{828B179E-F757-4D8B-AA1E-F9F919500A8E} = {ED412D28-D12C-448B-9525-ABEDC8709798}
		{9E78DBB7-45C9-4375-A97A-C8FA7A005216} = {ED412D28-D12C-448B-9525-ABEDC8709798}
		{AC57CC47-0542-4980-BB26-565CD235E98C} = {FE89D1E0-FB0D-45A6-B0C2-CC19F4284F73}
		{E90AB19E-EFF7-4D79-9DB8-03C27ED1D3F7} = {AC57CC47-0542-4980-BB26-565CD235E98C}
		{B4D9C182-A0C5-430A-A76E-85FF6D248135} = {AC57CC47-0542-4980-BB26-565CD235E98C}
		{8768DAF2-5C5E-490F-8ADB-E12B63D3DD27} = {FE89D1E0-FB0D-45A6-B0C2-CC19F4284F73}
		{26ED2FE7-E2F8-4560-9682-7E842EA29CFC} = {8768DAF2-5C5E-490F-8ADB-E12B63D3DD27}
		{0BACA5CD-EC6B-4E41-AF8C-36745DCB4FC0} = {8768DAF2-5C5E-490F-8ADB-E12B63D3DD27}
		{1BC8CA0F-7466-4A7F-87A3-A451E13E2B1F} = {83D5BB1B-4C45-4886-A8D3-6A86F8E77440}
		{83D5BB1B-4C45-4886-A8D3-6A86F8E77440} = {6C66C199-6450-4D17-B923-A701D224983E}
		{719D88E5-677B-4B20-B561-975290B365EF} = {83D5BB1B-4C45-4886-A8D3-6A86F8E77440}
		{C206AF95-4C09-4A38-8F21-09B014355BCC} = {6C66C199-6450-4D17-B923-A701D224983E}
		{69749F29-FE00-4BCA-AA44-BC40E624377F} = {C206AF95-4C09-4A38-8F21-09B014355BCC}
		{4CB83647-B3B3-4F94-8C56-279DF9A8759B} = {C206AF95-4C09-4A38-8F21-09B014355BCC}
		{0902200D-972B-42AD-BDDB-8A9FA9875BAE} = {F08FF878-8169-4F43-A9F8-6A7AB581DA64}
		{F08FF878-8169-4F43-A9F8-6A7AB581DA64} = {2D3F71C5-8FFE-4A1B-B4A7-298B6F621C27}
		{D6131716-8001-4311-92FB-E4C0AB8841A5} = {2D3F71C5-8FFE-4A1B-B4A7-298B6F621C27}
		{712B7C14-BDB3-4D6A-BD8D-D6BD02E103C1} = {D6131716-8001-4311-92FB-E4C0AB8841A5}
		{A317F0F8-FC8A-4201-A608-C180A08E0346} = {2D3F71C5-8FFE-4A1B-B4A7-298B6F621C27}
		{37869543-8950-4916-B8A2-BBBD2640A027} = {A317F0F8-FC8A-4201-A608-C180A08E0346}
		{9B4D65DB-B634-4724-A6BD-6A48722CB0C1} = {A317F0F8-FC8A-4201-A608-C180A08E0346}
		{18495CD4-A8A4-4CA1-9B48-D4599962CADF} = {08F1B280-0174-4736-A0F6-DF57FA9B1D7F}
		{08F1B280-0174-4736-A0F6-DF57FA9B1D7F} = {9206B11D-CED5-4197-A41F-A90E5768E9FB}
		{708A807F-2370-4AC9-9E6A-BD2520A0D0B3} = {9206B11D-CED5-4197-A41F-A90E5768E9FB}
		{D3CE5848-4ADE-44B8-AEF0-0D97E0B1B09A} = {708A807F-2370-4AC9-9E6A-BD2520A0D0B3}
	EndGlobalSection
	GlobalSection(ExtensibilityGlobals) = postSolution
		SolutionGuid = {30AA4DBB-BE28-458A-845D-1629E1D15414}
	EndGlobalSection
EndGlobal
